# THIS IS AN AUTOGENERATED FILE. DO NOT EDIT THIS FILE DIRECTLY.
# yarn lockfile v1


"@novnc/novnc@^1.3.0":
  version "1.3.0"
  resolved "https://registry.yarnpkg.com/@novnc/novnc/-/novnc-1.3.0.tgz#06db5ff55eae646a623d3717d8bffaf131ffb93a"
  integrity sha512-tR87mY5ADtaELadmZfW937JO/p8fRdz3wkPoqwhqB/vY1XnTQeLSWwkp4yMlr4iIDY0iCficfzFYX5EHMh4MHw==
